
Microsoft Visual Studio Solution File, Format Version 12.00
# Visual Studio Version 16
VisualStudioVersion = 16.0.32106.194
MinimumVisualStudioVersion = 10.0.40219.1
Project("{FAE04EC0-301F-11D3-BF4B-00C04F79EFBC}") = "Matrix", "Matrix\Matrix.csproj", "{DD036C15-A155-4077-B4FC-9FAA41404EB3}"
EndProject
Global
	GlobalSection(SolutionConfigurationPlatforms) = preSolution
		Debug|Any CPU = Debug|Any CPU
		Release|Any CPU = Release|Any CPU
	EndGlobalSection
	GlobalSection(ProjectConfigurationPlatforms) = postSolution
		{DD036C15-A155-4077-B4FC-9FAA41404EB3}.Debug|Any CPU.ActiveCfg = Debug|Any CPU
		{DD036C15-A155-4077-B4FC-9FAA41404EB3}.Debug|Any CPU.Build.0 = Debug|Any CPU
		{DD036C15-A155-4077-B4FC-9FAA41404EB3}.Release|Any CPU.ActiveCfg = Release|Any CPU
		{DD036C15-A155-4077-B4FC-9FAA41404EB3}.Release|Any CPU.Build.0 = Release|Any CPU
	EndGlobalSection
	GlobalSection(SolutionProperties) = preSolution
		HideSolutionNode = FALSE
	EndGlobalSection
	GlobalSection(ExtensibilityGlobals) = postSolution
		SolutionGuid = {74A2BC87-08A8-4C03-B0A3-441D82779155}
	EndGlobalSection
EndGlobal
